
Microsoft Visual Studio Solution File, Format Version 12.00
# Visual Studio 15
VisualStudioVersion = 15.0.27703.2042
MinimumVisualStudioVersion = 10.0.40219.1
Project("{FAE04EC0-301F-11D3-BF4B-00C04F79EFBC}") = "AUwebUI", "AUwebServices\AUwebUI.csproj", "{86D9A06E-1E08-467B-B353-DDCA4F97EC08}"
EndProject
Project("{FAE04EC0-301F-11D3-BF4B-00C04F79EFBC}") = "AUapi", "AUapi\AUapi.csproj", "{148867E9-7F95-4AF5-A876-6D78444511E5}"
EndProject
Project("{FAE04EC0-301F-11D3-BF4B-00C04F79EFBC}") = "AUdependencies", "AUdependencies\AUdependencies.csproj", "{6BEF2144-8E7D-45FE-A181-163054179C4A}"
EndProject
Global
	GlobalSection(SolutionConfigurationPlatforms) = preSolution
		Debug|Any CPU = Debug|Any CPU
		Release|Any CPU = Release|Any CPU
	EndGlobalSection
	GlobalSection(ProjectConfigurationPlatforms) = postSolution
		{86D9A06E-1E08-467B-B353-DDCA4F97EC08}.Debug|Any CPU.ActiveCfg = Debug|Any CPU
		{86D9A06E-1E08-467B-B353-DDCA4F97EC08}.Debug|Any CPU.Build.0 = Debug|Any CPU
		{86D9A06E-1E08-467B-B353-DDCA4F97EC08}.Release|Any CPU.ActiveCfg = Release|Any CPU
		{86D9A06E-1E08-467B-B353-DDCA4F97EC08}.Release|Any CPU.Build.0 = Release|Any CPU
		{148867E9-7F95-4AF5-A876-6D78444511E5}.Debug|Any CPU.ActiveCfg = Debug|Any CPU
		{148867E9-7F95-4AF5-A876-6D78444511E5}.Debug|Any CPU.Build.0 = Debug|Any CPU
		{148867E9-7F95-4AF5-A876-6D78444511E5}.Release|Any CPU.ActiveCfg = Release|Any CPU
		{148867E9-7F95-4AF5-A876-6D78444511E5}.Release|Any CPU.Build.0 = Release|Any CPU
		{6BEF2144-8E7D-45FE-A181-163054179C4A}.Debug|Any CPU.ActiveCfg = Debug|Any CPU
		{6BEF2144-8E7D-45FE-A181-163054179C4A}.Debug|Any CPU.Build.0 = Debug|Any CPU
		{6BEF2144-8E7D-45FE-A181-163054179C4A}.Release|Any CPU.ActiveCfg = Release|Any CPU
		{6BEF2144-8E7D-45FE-A181-163054179C4A}.Release|Any CPU.Build.0 = Release|Any CPU
	EndGlobalSection
	GlobalSection(SolutionProperties) = preSolution
		HideSolutionNode = FALSE
	EndGlobalSection
	GlobalSection(ExtensibilityGlobals) = postSolution
		SolutionGuid = {2C120DFC-2F68-4379-B1B3-D97504344BE5}
	EndGlobalSection
EndGlobal
